// !$*UTF8*$!
{
	archiveVersion = 1;
	classes = {
	};
	objectVersion = 46;
	objects = {

/* Begin PBXBuildFile section */
		4C71BF461F70FBEF00C073EA /* AppDelegate.swift in Sources */ = {isa = PBXBuildFile; fileRef = 4C71BF451F70FBEF00C073EA /* AppDelegate.swift */; };
		4C71BF481F70FBEF00C073EA /* ViewController.swift in Sources */ = {isa = PBXBuildFile; fileRef = 4C71BF471F70FBEF00C073EA /* ViewController.swift */; };
		4C71BF4B1F70FBF000C073EA /* Main.storyboard in Resources */ = {isa = PBXBuildFile; fileRef = 4C71BF491F70FBF000C073EA /* Main.storyboard */; };
		4C71BF4E1F70FBF000C073EA /* Reubro_Project_Tracker.xcdatamodeld in Sources */ = {isa = PBXBuildFile; fileRef = 4C71BF4C1F70FBF000C073EA /* Reubro_Project_Tracker.xcdatamodeld */; };
		4C71BF501F70FBF000C073EA /* Assets.xcassets in Resources */ = {isa = PBXBuildFile; fileRef = 4C71BF4F1F70FBF000C073EA /* Assets.xcassets */; };
		4C71BF531F70FBF000C073EA /* LaunchScreen.storyboard in Resources */ = {isa = PBXBuildFile; fileRef = 4C71BF511F70FBF000C073EA /* LaunchScreen.storyboard */; };
/* End PBXBuildFile section */

/* Begin PBXFileReference section */
		4C71BF421F70FBEF00C073EA /* Reubro_Project_Tracker.app */ = {isa = PBXFileReference; explicitFileType = wrapper.application; includeInIndex = 0; path = Reubro_Project_Tracker.app; sourceTree = BUILT_PRODUCTS_DIR; };
		4C71BF451F70FBEF00C073EA /* AppDelegate.swift */ = {isa = PBXFileReference; lastKnownFileType = sourcecode.swift; path = AppDelegate.swift; sourceTree = "<group>"; };
		4C71BF471F70FBEF00C073EA /* ViewController.swift */ = {isa = PBXFileReference; lastKnownFileType = sourcecode.swift; path = ViewController.swift; sourceTree = "<group>"; };
		4C71BF4A1F70FBF000C073EA /* Base */ = {isa = PBXFileReference; lastKnownFileType = file.storyboard; name = Base; path = Base.lproj/Main.storyboard; sourceTree = "<group>"; };
		4C71BF4D1F70FBF000C073EA /* Reubro_Project_Tracker.xcdatamodel */ = {isa = PBXFileReference; lastKnownFileType = wrapper.xcdatamodel; path = Reubro_Project_Tracker.xcdatamodel; sourceTree = "<group>"; };
		4C71BF4F1F70FBF000C073EA /* Assets.xcassets */ = {isa = PBXFileReference; lastKnownFileType = folder.assetcatalog; path = Assets.xcassets; sourceTree = "<group>"; };
		4C71BF521F70FBF000C073EA /* Base */ = {isa = PBXFileReference; lastKnownFileType = file.storyboard; name = Base; path = Base.lproj/LaunchScreen.storyboard; sourceTree = "<group>"; };
		4C71BF541F70FBF000C073EA /* Info.plist */ = {isa = PBXFileReference; lastKnownFileType = text.plist.xml; path = Info.plist; sourceTree = "<group>"; };
/* End PBXFileReference section */

/* Begin PBXFrameworksBuildPhase section */
		4C71BF3F1F70FBEF00C073EA /* Frameworks */ = {
			isa = PBXFrameworksBuildPhase;
			buildActionMask = 2147483647;
			files = (
			);
			runOnlyForDeploymentPostprocessing = 0;
		};
/* End PBXFrameworksBuildPhase section */

/* Begin PBXGroup section */
		4C71BF391F70FBEF00C073EA = {
			isa = PBXGroup;
			children = (
				4C71BF441F70FBEF00C073EA /* Reubro_Project_Tracker */,
				4C71BF431F70FBEF00C073EA /* Products */,
			);
			sourceTree = "<group>";
		};
		4C71BF431F70FBEF00C073EA /* Products */ = {
			isa = PBXGroup;
			children = (
				4C71BF421F70FBEF00C073EA /* Reubro_Project_Tracker.app */,
			);
			name = Products;
			sourceTree = "<group>";
		};
		4C71BF441F70FBEF00C073EA /* Reubro_Project_Tracker */ = {
			isa = PBXGroup;
			children = (
				4C71BF451F70FBEF00C073EA /* AppDelegate.swift */,
				4C71BF471F70FBEF00C073EA /* ViewController.swift */,
				4C71BF491F70FBF000C073EA /* Main.storyboard */,
				4C71BF4F1F70FBF000C073EA /* Assets.xcassets */,
				4C71BF511F70FBF000C073EA /* LaunchScreen.storyboard */,
				4C71BF541F70FBF000C073EA /* Info.plist */,
				4C71BF4C1F70FBF000C073EA /* Reubro_Project_Tracker.xcdatamodeld */,
			);
			path = Reubro_Project_Tracker;
			sourceTree = "<group>";
		};
/* End PBXGroup section */

/* Begin PBXNativeTarget section */
		4C71BF411F70FBEF00C073EA /* Reubro_Project_Tracker */ = {
			isa = PBXNativeTarget;
			buildConfigurationList = 4C71BF571F70FBF000C073EA /* Build configuration list for PBXNativeTarget "Reubro_Project_Tracker" */;
			buildPhases = (
				4C71BF3E1F70FBEF00C073EA /* Sources */,
				4C71BF3F1F70FBEF00C073EA /* Frameworks */,
				4C71BF401F70FBEF00C073EA /* Resources */,
			);
			buildRules = (
			);
			dependencies = (
			);
			name = Reubro_Project_Tracker;
			productName = Reubro_Project_Tracker;
			productReference = 4C71BF421F70FBEF00C073EA /* Reubro_Project_Tracker.app */;
			productType = "com.apple.product-type.application";
		};
/* End PBXNativeTarget section */

/* Begin PBXProject section */
		4C71BF3A1F70FBEF00C073EA /* Project object */ = {
			isa = PBXProject;
			attributes = {
				LastSwiftUpdateCheck = 0800;
				LastUpgradeCheck = 0800;
				ORGANIZATIONNAME = Reubro;
				TargetAttributes = {
					4C71BF411F70FBEF00C073EA = {
						CreatedOnToolsVersion = 8.0;
						DevelopmentTeam = DQTX7SGDK4;
						ProvisioningStyle = Automatic;
					};
				};
			};
			buildConfigurationList = 4C71BF3D1F70FBEF00C073EA /* Build configuration list for PBXProject "Reubro_Project_Tracker" */;
			compatibilityVersion = "Xcode 3.2";
			developmentRegion = English;
			hasScannedForEncodings = 0;
			knownRegions = (
				en,
				Base,
			);
			mainGroup = 4C71BF391F70FBEF00C073EA;
			productRefGroup = 4C71BF431F70FBEF00C073EA /* Products */;
			projectDirPath = "";
			projectRoot = "";
			targets = (
				4C71BF411F70FBEF00C073EA /* Reubro_Project_Tracker */,
			);
		};
/* End PBXProject section */

/* Begin PBXResourcesBuildPhase section */
		4C71BF401F70FBEF00C073EA /* Resources */ = {
			isa = PBXResourcesBuildPhase;
			buildActionMask = 2147483647;
			files = (
				4C71BF531F70FBF000C073EA /* LaunchScreen.storyboard in Resources */,
				4C71BF501F70FBF000C073EA /* Assets.xcassets in Resources */,
				4C71BF4B1F70FBF000C073EA /* Main.storyboard in Resources */,
			);
			runOnlyForDeploymentPostprocessing = 0;
		};
/* End PBXResourcesBuildPhase section */

/* Begin PBXSourcesBuildPhase section */
		4C71BF3E1F70FBEF00C073EA /* Sources */ = {
			isa = PBXSourcesBuildPhase;
			buildActionMask = 2147483647;
			files = (
				4C71BF4E1F70FBF000C073EA /* Reubro_Project_Tracker.xcdatamodeld in Sources */,
				4C71BF481F70FBEF00C073EA /* ViewController.swift in Sources */,
				4C71BF461F70FBEF00C073EA /* AppDelegate.swift in Sources */,
			);
			runOnlyForDeploymentPostprocessing = 0;
		};
/* End PBXSourcesBuildPhase section */

/* Begin PBXVariantGroup section */
		4C71BF491F70FBF000C073EA /* Main.storyboard */ = {
			isa = PBXVariantGroup;
			children = (
				4C71BF4A1F70FBF000C073EA /* Base */,
			);
			name = Main.storyboard;
			sourceTree = "<group>";
		};
		4C71BF511F70FBF000C073EA /* LaunchScreen.storyboard */ = {
			isa = PBXVariantGroup;
			children = (
				4C71BF521F70FBF000C073EA /* Base */,
			);
			name = LaunchScreen.storyboard;
			sourceTree = "<group>";
		};
/* End PBXVariantGroup section */

/* Begin XCBuildConfiguration section */
		4C71BF551F70FBF000C073EA /* Debug */ = {
			isa = XCBuildConfiguration;
			buildSettings = {
				ALWAYS_SEARCH_USER_PATHS = NO;
				CLANG_ANALYZER_NONNULL = YES;
				CLANG_CXX_LANGUAGE_STANDARD = "gnu++0x";
				CLANG_CXX_LIBRARY = "libc++";
				CLANG_ENABLE_MODULES = YES;
				CLANG_ENABLE_OBJC_ARC = YES;
				CLANG_WARN_BOOL_CONVERSION = YES;
				CLANG_WARN_CONSTANT_CONVERSION = YES;
				CLANG_WARN_DIRECT_OBJC_ISA_USAGE = YES_ERROR;
				CLANG_WARN_DOCUMENTATION_COMMENTS = YES;
				CLANG_WARN_EMPTY_BODY = YES;
				CLANG_WARN_ENUM_CONVERSION = YES;
				CLANG_WARN_INFINITE_RECURSION = YES;
				CLANG_WARN_INT_CONVERSION = YES;
				CLANG_WARN_OBJC_ROOT_CLASS = YES_ERROR;
				CLANG_WARN_SUSPICIOUS_MOVES = YES;
				CLANG_WARN_UNREACHABLE_CODE = YES;
				CLANG_WARN__DUPLICATE_METHOD_MATCH = YES;
				"CODE_SIGN_IDENTITY[sdk=iphoneos*]" = "iPhone Developer";
				COPY_PHASE_STRIP = NO;
				DEBUG_INFORMATION_FORMAT = dwarf;
				ENABLE_STRICT_OBJC_MSGSEND = YES;
				ENABLE_TESTABILITY = YES;
				GCC_C_LANGUAGE_STANDARD = gnu99;
				GCC_DYNAMIC_NO_PIC = NO;
				GCC_NO_COMMON_BLOCKS = YES;
				GCC_OPTIMIZATION_LEVEL = 0;
				GCC_PREPROCESSOR_DEFINITIONS = (
					"DEBUG=1",
					"$(inherited)",
				);
				GCC_WARN_64_TO_32_BIT_CONVERSION = YES;
				GCC_WARN_ABOUT_RETURN_TYPE = YES_ERROR;
				GCC_WARN_UNDECLARED_SELECTOR = YES;
				GCC_WARN_UNINITIALIZED_AUTOS = YES_AGGRESSIVE;
				GCC_WARN_UNUSED_FUNCTION = YES;
				GCC_WARN_UNUSED_VARIABLE = YES;
				IPHONEOS_DEPLOYMENT_TARGET = 10.0;
				MTL_ENABLE_DEBUG_INFO = YES;
				ONLY_ACTIVE_ARCH = YES;
				SDKROOT = iphoneos;
				SWIFT_ACTIVE_COMPILATION_CONDITIONS = DEBUG;
				SWIFT_OPTIMIZATION_LEVEL = "-Onone";
			};
			name = Debug;
		};
		4C71BF561F70FBF000C073EA /* Release */ = {
			isa = XCBuildConfiguration;
			buildSettings = {
				ALWAYS_SEARCH_USER_PATHS = NO;
				CLANG_ANALYZER_NONNULL = YES;
				CLANG_CXX_LANGUAGE_STANDARD = "gnu++0x";
				CLANG_CXX_LIBRARY = "libc++";
				CLANG_ENABLE_MODULES = YES;
				CLANG_ENABLE_OBJC_ARC = YES;
				CLANG_WARN_BOOL_CONVERSION = YES;
				CLANG_WARN_CONSTANT_CONVERSION = YES;
				CLANG_WARN_DIRECT_OBJC_ISA_USAGE = YES_ERROR;
				CLANG_WARN_DOCUMENTATION_COMMENTS = YES;
				CLANG_WARN_EMPTY_BODY = YES;
				CLANG_WARN_ENUM_CONVERSION = YES;
				CLANG_WARN_INFINITE_RECURSION = YES;
				CLANG_WARN_INT_CONVERSION = YES;
				CLANG_WARN_OBJC_ROOT_CLASS = YES_ERROR;
				CLANG_WARN_SUSPICIOUS_MOVES = YES;
				CLANG_WARN_UNREACHABLE_CODE = YES;
				CLANG_WARN__DUPLICATE_METHOD_MATCH = YES;
				"CODE_SIGN_IDENTITY[sdk=iphoneos*]" = "iPhone Developer";
				COPY_PHASE_STRIP = NO;
				DEBUG_INFORMATION_FORMAT = "dwarf-with-dsym";
				ENABLE_NS_ASSERTIONS = NO;
				ENABLE_STRICT_OBJC_MSGSEND = YES;
				GCC_C_LANGUAGE_STANDARD = gnu99;
				GCC_NO_COMMON_BLOCKS = YES;
				GCC_WARN_64_TO_32_BIT_CONVERSION = YES;
				GCC_WARN_ABOUT_RETURN_TYPE = YES_ERROR;
				GCC_WARN_UNDECLARED_SELECTOR = YES;
				GCC_WARN_UNINITIALIZED_AUTOS = YES_AGGRESSIVE;
				GCC_WARN_UNUSED_FUNCTION = YES;
				GCC_WARN_UNUSED_VARIABLE = YES;
				IPHONEOS_DEPLOYMENT_TARGET = 10.0;
				MTL_ENABLE_DEBUG_INFO = NO;
				SDKROOT = iphoneos;
				SWIFT_OPTIMIZATION_LEVEL = "-Owholemodule";
				VALIDATE_PRODUCT = YES;
			};
			name = Release;
		};
		4C71BF581F70FBF000C073EA /* Debug */ = {
			isa = XCBuildConfiguration;
			buildSettings = {
				ASSETCATALOG_COMPILER_APPICON_NAME = AppIcon;
				DEVELOPMENT_TEAM = DQTX7SGDK4;
				INFOPLIST_FILE = Reubro_Project_Tracker/Info.plist;
				LD_RUNPATH_SEARCH_PATHS = "$(inherited) @executable_path/Frameworks";
				PRODUCT_BUNDLE_IDENTIFIER = "com.reubro.Reubro-Project-Tracker";
				PRODUCT_NAME = "$(TARGET_NAME)";
				SWIFT_VERSION = 3.0;
			};
			name = Debug;
		};
		4C71BF591F70FBF000C073EA /* Release */ = {
			isa = XCBuildConfiguration;
			buildSettings = {
				ASSETCATALOG_COMPILER_APPICON_NAME = AppIcon;
				DEVELOPMENT_TEAM = DQTX7SGDK4;
				INFOPLIST_FILE = Reubro_Project_Tracker/Info.plist;
				LD_RUNPATH_SEARCH_PATHS = "$(inherited) @executable_path/Frameworks";
				PRODUCT_BUNDLE_IDENTIFIER = "com.reubro.Reubro-Project-Tracker";
				PRODUCT_NAME = "$(TARGET_NAME)";
				SWIFT_VERSION = 3.0;
			};
			name = Release;
		};
/* End XCBuildConfiguration section */

/* Begin XCConfigurationList section */
		4C71BF3D1F70FBEF00C073EA /* Build configuration list for PBXProject "Reubro_Project_Tracker" */ = {
			isa = XCConfigurationList;
			buildConfigurations = (
				4C71BF551F70FBF000C073EA /* Debug */,
				4C71BF561F70FBF000C073EA /* Release */,
			);
			defaultConfigurationIsVisible = 0;
			defaultConfigurationName = Release;
		};
		4C71BF571F70FBF000C073EA /* Build configuration list for PBXNativeTarget "Reubro_Project_Tracker" */ = {
			isa = XCConfigurationList;
			buildConfigurations = (
				4C71BF581F70FBF000C073EA /* Debug */,
				4C71BF591F70FBF000C073EA /* Release */,
			);
			defaultConfigurationIsVisible = 0;
		};
/* End XCConfigurationList section */

/* Begin XCVersionGroup section */
		4C71BF4C1F70FBF000C073EA /* Reubro_Project_Tracker.xcdatamodeld */ = {
			isa = XCVersionGroup;
			children = (
				4C71BF4D1F70FBF000C073EA /* Reubro_Project_Tracker.xcdatamodel */,
			);
			currentVersion = 4C71BF4D1F70FBF000C073EA /* Reubro_Project_Tracker.xcdatamodel */;
			path = Reubro_Project_Tracker.xcdatamodeld;
			sourceTree = "<group>";
			versionGroupType = wrapper.xcdatamodel;
		};
/* End XCVersionGroup section */
	};
	rootObject = 4C71BF3A1F70FBEF00C073EA /* Project object */;
}
