// !$*UTF8*$!
{
	archiveVersion = 1;
	classes = {
	};
	objectVersion = 46;
	objects = {

/* Begin PBXBuildFile section */
		4C08D93C1F7257FC00A49B31 /* ProjectTableViewCell.swift in Sources */ = {isa = PBXBuildFile; fileRef = 4C08D93B1F7257FC00A49B31 /* ProjectTableViewCell.swift */; };
		4C08D93E1F725BE700A49B31 /* ProjectScreenTableViewController.swift in Sources */ = {isa = PBXBuildFile; fileRef = 4C08D93D1F725BE700A49B31 /* ProjectScreenTableViewController.swift */; };
		4C08D9401F72807F00A49B31 /* HomeTableViewCell.swift in Sources */ = {isa = PBXBuildFile; fileRef = 4C08D93F1F72807F00A49B31 /* HomeTableViewCell.swift */; };
		4C677FB31F85F228003789B2 /* global_vars.swift in Sources */ = {isa = PBXBuildFile; fileRef = 4C677FB21F85F228003789B2 /* global_vars.swift */; };
		4C6FD0E51F7E0508009A6C6B /* StatusCell.swift in Sources */ = {isa = PBXBuildFile; fileRef = 4C6FD0E41F7E0508009A6C6B /* StatusCell.swift */; };
		4C6FD0E81F7E055B009A6C6B /* PersonCell.swift in Sources */ = {isa = PBXBuildFile; fileRef = 4C6FD0E71F7E055B009A6C6B /* PersonCell.swift */; };
		4C6FD0ED1F7E1882009A6C6B /* ScheduleEdit.swift in Sources */ = {isa = PBXBuildFile; fileRef = 4C6FD0EC1F7E1882009A6C6B /* ScheduleEdit.swift */; };
		4C6FD0EF1F7E1F59009A6C6B /* icons8-About-30.png in Resources */ = {isa = PBXBuildFile; fileRef = 4C6FD0EE1F7E1F59009A6C6B /* icons8-About-30.png */; };
		4C71BF461F70FBEF00C073EA /* AppDelegate.swift in Sources */ = {isa = PBXBuildFile; fileRef = 4C71BF451F70FBEF00C073EA /* AppDelegate.swift */; };
		4C71BF481F70FBEF00C073EA /* ViewController.swift in Sources */ = {isa = PBXBuildFile; fileRef = 4C71BF471F70FBEF00C073EA /* ViewController.swift */; };
		4C71BF4B1F70FBF000C073EA /* Main.storyboard in Resources */ = {isa = PBXBuildFile; fileRef = 4C71BF491F70FBF000C073EA /* Main.storyboard */; };
		4C71BF4E1F70FBF000C073EA /* Reubro_Project_Tracker.xcdatamodeld in Sources */ = {isa = PBXBuildFile; fileRef = 4C71BF4C1F70FBF000C073EA /* Reubro_Project_Tracker.xcdatamodeld */; };
		4C71BF501F70FBF000C073EA /* Assets.xcassets in Resources */ = {isa = PBXBuildFile; fileRef = 4C71BF4F1F70FBF000C073EA /* Assets.xcassets */; };
		4C71BF531F70FBF000C073EA /* LaunchScreen.storyboard in Resources */ = {isa = PBXBuildFile; fileRef = 4C71BF511F70FBF000C073EA /* LaunchScreen.storyboard */; };
		4C71BF5B1F70FCB800C073EA /* PeopleScreen.swift in Sources */ = {isa = PBXBuildFile; fileRef = 4C71BF5A1F70FCB800C073EA /* PeopleScreen.swift */; };
		4C7F407B1F7504A3004847DF /* PeopleTableViewCell.swift in Sources */ = {isa = PBXBuildFile; fileRef = 4C7F407A1F7504A3004847DF /* PeopleTableViewCell.swift */; };
		4C7F40811F750710004847DF /* Add_New_Person.swift in Sources */ = {isa = PBXBuildFile; fileRef = 4C7F40801F750710004847DF /* Add_New_Person.swift */; };
		4C7F40831F750737004847DF /* People_In_Project.swift in Sources */ = {isa = PBXBuildFile; fileRef = 4C7F40821F750737004847DF /* People_In_Project.swift */; };
		4CCE8D521F713E1100E2B3CD /* logo.png in Resources */ = {isa = PBXBuildFile; fileRef = 4CCE8D511F713E1100E2B3CD /* logo.png */; };
		4CCE8D541F71410100E2B3CD /* icons8-Home-30.png in Resources */ = {isa = PBXBuildFile; fileRef = 4CCE8D531F71410100E2B3CD /* icons8-Home-30.png */; };
		4CCE8D571F7141D900E2B3CD /* icons8-People-30.png in Resources */ = {isa = PBXBuildFile; fileRef = 4CCE8D551F7141D900E2B3CD /* icons8-People-30.png */; };
		4CCE8D581F7141D900E2B3CD /* icons8-Project-30.png in Resources */ = {isa = PBXBuildFile; fileRef = 4CCE8D561F7141D900E2B3CD /* icons8-Project-30.png */; };
		4CDB717E1F7CB4EA0084BBE8 /* Cost_Section_Header.swift in Sources */ = {isa = PBXBuildFile; fileRef = 4CDB717D1F7CB4EA0084BBE8 /* Cost_Section_Header.swift */; };
		4CDB71801F7CB55C0084BBE8 /* Status_Section_Header.swift in Sources */ = {isa = PBXBuildFile; fileRef = 4CDB717F1F7CB55C0084BBE8 /* Status_Section_Header.swift */; };
		4CE4A9791F7BBA2A00BFF85D /* AddNewProjectTableViewCell.swift in Sources */ = {isa = PBXBuildFile; fileRef = 4CE4A9781F7BBA2A00BFF85D /* AddNewProjectTableViewCell.swift */; };
		4CE4A97C1F7BC08600BFF85D /* Add_New_Project.swift in Sources */ = {isa = PBXBuildFile; fileRef = 4CE4A97B1F7BC08600BFF85D /* Add_New_Project.swift */; };
		4CE4A9801F7BC9D100BFF85D /* icons8-Add User Male-30.png in Resources */ = {isa = PBXBuildFile; fileRef = 4CE4A97F1F7BC9D100BFF85D /* icons8-Add User Male-30.png */; };
		4CE4A9821F7BCA8A00BFF85D /* People_Section_Header.swift in Sources */ = {isa = PBXBuildFile; fileRef = 4CE4A9811F7BCA8A00BFF85D /* People_Section_Header.swift */; };
		4CE4A9841F7BCC9900BFF85D /* General_Section_Header.swift in Sources */ = {isa = PBXBuildFile; fileRef = 4CE4A9831F7BCC9900BFF85D /* General_Section_Header.swift */; };
		4CE4A9871F7BD08100BFF85D /* Sechdule_Section_Header.swift in Sources */ = {isa = PBXBuildFile; fileRef = 4CE4A9861F7BD08100BFF85D /* Sechdule_Section_Header.swift */; };
/* End PBXBuildFile section */

/* Begin PBXFileReference section */
		4C08D93B1F7257FC00A49B31 /* ProjectTableViewCell.swift */ = {isa = PBXFileReference; fileEncoding = 4; lastKnownFileType = sourcecode.swift; path = ProjectTableViewCell.swift; sourceTree = "<group>"; };
		4C08D93D1F725BE700A49B31 /* ProjectScreenTableViewController.swift */ = {isa = PBXFileReference; fileEncoding = 4; lastKnownFileType = sourcecode.swift; name = ProjectScreenTableViewController.swift; path = ../ProjectScreenTableViewController.swift; sourceTree = "<group>"; };
		4C08D93F1F72807F00A49B31 /* HomeTableViewCell.swift */ = {isa = PBXFileReference; fileEncoding = 4; lastKnownFileType = sourcecode.swift; path = HomeTableViewCell.swift; sourceTree = "<group>"; };
		4C677FB21F85F228003789B2 /* global_vars.swift */ = {isa = PBXFileReference; fileEncoding = 4; lastKnownFileType = sourcecode.swift; path = global_vars.swift; sourceTree = "<group>"; };
		4C6FD0E41F7E0508009A6C6B /* StatusCell.swift */ = {isa = PBXFileReference; fileEncoding = 4; lastKnownFileType = sourcecode.swift; path = StatusCell.swift; sourceTree = "<group>"; };
		4C6FD0E71F7E055B009A6C6B /* PersonCell.swift */ = {isa = PBXFileReference; fileEncoding = 4; lastKnownFileType = sourcecode.swift; path = PersonCell.swift; sourceTree = "<group>"; };
		4C6FD0EC1F7E1882009A6C6B /* ScheduleEdit.swift */ = {isa = PBXFileReference; fileEncoding = 4; lastKnownFileType = sourcecode.swift; path = ScheduleEdit.swift; sourceTree = "<group>"; };
		4C6FD0EE1F7E1F59009A6C6B /* icons8-About-30.png */ = {isa = PBXFileReference; lastKnownFileType = image.png; path = "icons8-About-30.png"; sourceTree = "<group>"; };
		4C71BF421F70FBEF00C073EA /* Reubro_Project_Tracker.app */ = {isa = PBXFileReference; explicitFileType = wrapper.application; includeInIndex = 0; path = Reubro_Project_Tracker.app; sourceTree = BUILT_PRODUCTS_DIR; };
		4C71BF451F70FBEF00C073EA /* AppDelegate.swift */ = {isa = PBXFileReference; lastKnownFileType = sourcecode.swift; path = AppDelegate.swift; sourceTree = "<group>"; };
		4C71BF471F70FBEF00C073EA /* ViewController.swift */ = {isa = PBXFileReference; lastKnownFileType = sourcecode.swift; path = ViewController.swift; sourceTree = "<group>"; };
		4C71BF4A1F70FBF000C073EA /* Base */ = {isa = PBXFileReference; lastKnownFileType = file.storyboard; name = Base; path = Base.lproj/Main.storyboard; sourceTree = "<group>"; };
		4C71BF4D1F70FBF000C073EA /* Reubro_Project_Tracker.xcdatamodel */ = {isa = PBXFileReference; lastKnownFileType = wrapper.xcdatamodel; path = Reubro_Project_Tracker.xcdatamodel; sourceTree = "<group>"; };
		4C71BF4F1F70FBF000C073EA /* Assets.xcassets */ = {isa = PBXFileReference; lastKnownFileType = folder.assetcatalog; path = Assets.xcassets; sourceTree = "<group>"; };
		4C71BF521F70FBF000C073EA /* Base */ = {isa = PBXFileReference; lastKnownFileType = file.storyboard; name = Base; path = Base.lproj/LaunchScreen.storyboard; sourceTree = "<group>"; };
		4C71BF541F70FBF000C073EA /* Info.plist */ = {isa = PBXFileReference; lastKnownFileType = text.plist.xml; path = Info.plist; sourceTree = "<group>"; };
		4C71BF5A1F70FCB800C073EA /* PeopleScreen.swift */ = {isa = PBXFileReference; fileEncoding = 4; lastKnownFileType = sourcecode.swift; path = PeopleScreen.swift; sourceTree = "<group>"; };
		4C7F407A1F7504A3004847DF /* PeopleTableViewCell.swift */ = {isa = PBXFileReference; fileEncoding = 4; lastKnownFileType = sourcecode.swift; path = PeopleTableViewCell.swift; sourceTree = "<group>"; };
		4C7F40801F750710004847DF /* Add_New_Person.swift */ = {isa = PBXFileReference; fileEncoding = 4; lastKnownFileType = sourcecode.swift; path = Add_New_Person.swift; sourceTree = "<group>"; };
		4C7F40821F750737004847DF /* People_In_Project.swift */ = {isa = PBXFileReference; fileEncoding = 4; lastKnownFileType = sourcecode.swift; path = People_In_Project.swift; sourceTree = "<group>"; };
		4CCE8D511F713E1100E2B3CD /* logo.png */ = {isa = PBXFileReference; lastKnownFileType = image.png; path = logo.png; sourceTree = "<group>"; };
		4CCE8D531F71410100E2B3CD /* icons8-Home-30.png */ = {isa = PBXFileReference; lastKnownFileType = image.png; path = "icons8-Home-30.png"; sourceTree = "<group>"; };
		4CCE8D551F7141D900E2B3CD /* icons8-People-30.png */ = {isa = PBXFileReference; lastKnownFileType = image.png; path = "icons8-People-30.png"; sourceTree = "<group>"; };
		4CCE8D561F7141D900E2B3CD /* icons8-Project-30.png */ = {isa = PBXFileReference; lastKnownFileType = image.png; path = "icons8-Project-30.png"; sourceTree = "<group>"; };
		4CDB717D1F7CB4EA0084BBE8 /* Cost_Section_Header.swift */ = {isa = PBXFileReference; fileEncoding = 4; lastKnownFileType = sourcecode.swift; path = Cost_Section_Header.swift; sourceTree = "<group>"; };
		4CDB717F1F7CB55C0084BBE8 /* Status_Section_Header.swift */ = {isa = PBXFileReference; fileEncoding = 4; lastKnownFileType = sourcecode.swift; path = Status_Section_Header.swift; sourceTree = "<group>"; };
		4CE4A9781F7BBA2A00BFF85D /* AddNewProjectTableViewCell.swift */ = {isa = PBXFileReference; fileEncoding = 4; lastKnownFileType = sourcecode.swift; path = AddNewProjectTableViewCell.swift; sourceTree = "<group>"; };
		4CE4A97B1F7BC08600BFF85D /* Add_New_Project.swift */ = {isa = PBXFileReference; fileEncoding = 4; lastKnownFileType = sourcecode.swift; path = Add_New_Project.swift; sourceTree = "<group>"; };
		4CE4A97F1F7BC9D100BFF85D /* icons8-Add User Male-30.png */ = {isa = PBXFileReference; lastKnownFileType = image.png; path = "icons8-Add User Male-30.png"; sourceTree = "<group>"; };
		4CE4A9811F7BCA8A00BFF85D /* People_Section_Header.swift */ = {isa = PBXFileReference; fileEncoding = 4; lastKnownFileType = sourcecode.swift; path = People_Section_Header.swift; sourceTree = "<group>"; };
		4CE4A9831F7BCC9900BFF85D /* General_Section_Header.swift */ = {isa = PBXFileReference; fileEncoding = 4; lastKnownFileType = sourcecode.swift; path = General_Section_Header.swift; sourceTree = "<group>"; };
		4CE4A9861F7BD08100BFF85D /* Sechdule_Section_Header.swift */ = {isa = PBXFileReference; fileEncoding = 4; lastKnownFileType = sourcecode.swift; path = Sechdule_Section_Header.swift; sourceTree = "<group>"; };
/* End PBXFileReference section */

/* Begin PBXFrameworksBuildPhase section */
		4C71BF3F1F70FBEF00C073EA /* Frameworks */ = {
			isa = PBXFrameworksBuildPhase;
			buildActionMask = 2147483647;
			files = (
			);
			runOnlyForDeploymentPostprocessing = 0;
		};
/* End PBXFrameworksBuildPhase section */

/* Begin PBXGroup section */
		4C6FD0E01F7E046C009A6C6B /* Project Tab */ = {
			isa = PBXGroup;
			children = (
				4C08D93B1F7257FC00A49B31 /* ProjectTableViewCell.swift */,
				4C08D93D1F725BE700A49B31 /* ProjectScreenTableViewController.swift */,
			);
			name = "Project Tab";
			sourceTree = "<group>";
		};
		4C6FD0E21F7E048C009A6C6B /* Add New Project */ = {
			isa = PBXGroup;
			children = (
				4CE4A97A1F7BBEC600BFF85D /* Table_Cells */,
				4CE4A97B1F7BC08600BFF85D /* Add_New_Project.swift */,
			);
			name = "Add New Project";
			sourceTree = "<group>";
		};
		4C6FD0E31F7E04C0009A6C6B /* Assign Person */ = {
			isa = PBXGroup;
			children = (
				4C7F40821F750737004847DF /* People_In_Project.swift */,
			);
			name = "Assign Person";
			sourceTree = "<group>";
		};
		4C6FD0E61F7E0529009A6C6B /* Custom Cells */ = {
			isa = PBXGroup;
			children = (
				4C6FD0E41F7E0508009A6C6B /* StatusCell.swift */,
				4C6FD0E71F7E055B009A6C6B /* PersonCell.swift */,
				4CE4A9781F7BBA2A00BFF85D /* AddNewProjectTableViewCell.swift */,
			);
			name = "Custom Cells";
			sourceTree = "<group>";
		};
		4C6FD0EB1F7E184A009A6C6B /* Sechdule */ = {
			isa = PBXGroup;
			children = (
				4C6FD0EC1F7E1882009A6C6B /* ScheduleEdit.swift */,
			);
			name = Sechdule;
			sourceTree = "<group>";
		};
		4C71BF391F70FBEF00C073EA = {
			isa = PBXGroup;
			children = (
				4C71BF441F70FBEF00C073EA /* Reubro_Project_Tracker */,
				4C71BF431F70FBEF00C073EA /* Products */,
			);
			sourceTree = "<group>";
		};
		4C71BF431F70FBEF00C073EA /* Products */ = {
			isa = PBXGroup;
			children = (
				4C71BF421F70FBEF00C073EA /* Reubro_Project_Tracker.app */,
			);
			name = Products;
			sourceTree = "<group>";
		};
		4C71BF441F70FBEF00C073EA /* Reubro_Project_Tracker */ = {
			isa = PBXGroup;
			children = (
				4C71BF451F70FBEF00C073EA /* AppDelegate.swift */,
				4C677FB21F85F228003789B2 /* global_vars.swift */,
				4C7F407C1F75056C004847DF /* Home */,
				4C7F407D1F75058E004847DF /* People */,
				4C7F407E1F7505A4004847DF /* Project */,
				4C71BF491F70FBF000C073EA /* Main.storyboard */,
				4C71BF4F1F70FBF000C073EA /* Assets.xcassets */,
				4C71BF511F70FBF000C073EA /* LaunchScreen.storyboard */,
				4C7F407F1F75060B004847DF /* Images */,
				4C71BF541F70FBF000C073EA /* Info.plist */,
				4C71BF4C1F70FBF000C073EA /* Reubro_Project_Tracker.xcdatamodeld */,
			);
			path = Reubro_Project_Tracker;
			sourceTree = "<group>";
		};
		4C7F407C1F75056C004847DF /* Home */ = {
			isa = PBXGroup;
			children = (
				4C71BF471F70FBEF00C073EA /* ViewController.swift */,
				4C08D93F1F72807F00A49B31 /* HomeTableViewCell.swift */,
			);
			name = Home;
			sourceTree = "<group>";
		};
		4C7F407D1F75058E004847DF /* People */ = {
			isa = PBXGroup;
			children = (
				4C7F407A1F7504A3004847DF /* PeopleTableViewCell.swift */,
				4C71BF5A1F70FCB800C073EA /* PeopleScreen.swift */,
				4C7F40801F750710004847DF /* Add_New_Person.swift */,
			);
			name = People;
			sourceTree = "<group>";
		};
		4C7F407E1F7505A4004847DF /* Project */ = {
			isa = PBXGroup;
			children = (
				4C6FD0E01F7E046C009A6C6B /* Project Tab */,
				4C6FD0E21F7E048C009A6C6B /* Add New Project */,
				4C6FD0E31F7E04C0009A6C6B /* Assign Person */,
				4C6FD0EB1F7E184A009A6C6B /* Sechdule */,
			);
			name = Project;
			sourceTree = "<group>";
		};
		4C7F407F1F75060B004847DF /* Images */ = {
			isa = PBXGroup;
			children = (
				4C6FD0EE1F7E1F59009A6C6B /* icons8-About-30.png */,
				4CCE8D511F713E1100E2B3CD /* logo.png */,
				4CCE8D551F7141D900E2B3CD /* icons8-People-30.png */,
				4CE4A97F1F7BC9D100BFF85D /* icons8-Add User Male-30.png */,
				4CCE8D561F7141D900E2B3CD /* icons8-Project-30.png */,
				4CCE8D531F71410100E2B3CD /* icons8-Home-30.png */,
			);
			name = Images;
			sourceTree = "<group>";
		};
		4CE4A97A1F7BBEC600BFF85D /* Table_Cells */ = {
			isa = PBXGroup;
			children = (
				4C6FD0E61F7E0529009A6C6B /* Custom Cells */,
				4CE4A9851F7BCFFD00BFF85D /* Section Header */,
			);
			name = Table_Cells;
			sourceTree = "<group>";
		};
		4CE4A9851F7BCFFD00BFF85D /* Section Header */ = {
			isa = PBXGroup;
			children = (
				4CE4A9831F7BCC9900BFF85D /* General_Section_Header.swift */,
				4CE4A9811F7BCA8A00BFF85D /* People_Section_Header.swift */,
				4CE4A9861F7BD08100BFF85D /* Sechdule_Section_Header.swift */,
				4CDB717D1F7CB4EA0084BBE8 /* Cost_Section_Header.swift */,
				4CDB717F1F7CB55C0084BBE8 /* Status_Section_Header.swift */,
			);
			name = "Section Header";
			sourceTree = "<group>";
		};
/* End PBXGroup section */

/* Begin PBXNativeTarget section */
		4C71BF411F70FBEF00C073EA /* Reubro_Project_Tracker */ = {
			isa = PBXNativeTarget;
			buildConfigurationList = 4C71BF571F70FBF000C073EA /* Build configuration list for PBXNativeTarget "Reubro_Project_Tracker" */;
			buildPhases = (
				4C71BF3E1F70FBEF00C073EA /* Sources */,
				4C71BF3F1F70FBEF00C073EA /* Frameworks */,
				4C71BF401F70FBEF00C073EA /* Resources */,
			);
			buildRules = (
			);
			dependencies = (
			);
			name = Reubro_Project_Tracker;
			productName = Reubro_Project_Tracker;
			productReference = 4C71BF421F70FBEF00C073EA /* Reubro_Project_Tracker.app */;
			productType = "com.apple.product-type.application";
		};
/* End PBXNativeTarget section */

/* Begin PBXProject section */
		4C71BF3A1F70FBEF00C073EA /* Project object */ = {
			isa = PBXProject;
			attributes = {
				LastSwiftUpdateCheck = 0800;
				LastUpgradeCheck = 0810;
				ORGANIZATIONNAME = Reubro;
				TargetAttributes = {
					4C71BF411F70FBEF00C073EA = {
						CreatedOnToolsVersion = 8.0;
						DevelopmentTeam = DQTX7SGDK4;
						ProvisioningStyle = Automatic;
					};
				};
			};
			buildConfigurationList = 4C71BF3D1F70FBEF00C073EA /* Build configuration list for PBXProject "Reubro_Project_Tracker" */;
			compatibilityVersion = "Xcode 3.2";
			developmentRegion = English;
			hasScannedForEncodings = 0;
			knownRegions = (
				en,
				Base,
			);
			mainGroup = 4C71BF391F70FBEF00C073EA;
			productRefGroup = 4C71BF431F70FBEF00C073EA /* Products */;
			projectDirPath = "";
			projectRoot = "";
			targets = (
				4C71BF411F70FBEF00C073EA /* Reubro_Project_Tracker */,
			);
		};
/* End PBXProject section */

/* Begin PBXResourcesBuildPhase section */
		4C71BF401F70FBEF00C073EA /* Resources */ = {
			isa = PBXResourcesBuildPhase;
			buildActionMask = 2147483647;
			files = (
				4CCE8D521F713E1100E2B3CD /* logo.png in Resources */,
				4C6FD0EF1F7E1F59009A6C6B /* icons8-About-30.png in Resources */,
				4C71BF531F70FBF000C073EA /* LaunchScreen.storyboard in Resources */,
				4CCE8D581F7141D900E2B3CD /* icons8-Project-30.png in Resources */,
				4C71BF501F70FBF000C073EA /* Assets.xcassets in Resources */,
				4CCE8D541F71410100E2B3CD /* icons8-Home-30.png in Resources */,
				4C71BF4B1F70FBF000C073EA /* Main.storyboard in Resources */,
				4CE4A9801F7BC9D100BFF85D /* icons8-Add User Male-30.png in Resources */,
				4CCE8D571F7141D900E2B3CD /* icons8-People-30.png in Resources */,
			);
			runOnlyForDeploymentPostprocessing = 0;
		};
/* End PBXResourcesBuildPhase section */

/* Begin PBXSourcesBuildPhase section */
		4C71BF3E1F70FBEF00C073EA /* Sources */ = {
			isa = PBXSourcesBuildPhase;
			buildActionMask = 2147483647;
			files = (
				4C71BF4E1F70FBF000C073EA /* Reubro_Project_Tracker.xcdatamodeld in Sources */,
				4CE4A9871F7BD08100BFF85D /* Sechdule_Section_Header.swift in Sources */,
				4C6FD0E81F7E055B009A6C6B /* PersonCell.swift in Sources */,
				4C7F40811F750710004847DF /* Add_New_Person.swift in Sources */,
				4C71BF481F70FBEF00C073EA /* ViewController.swift in Sources */,
				4C7F407B1F7504A3004847DF /* PeopleTableViewCell.swift in Sources */,
				4C6FD0E51F7E0508009A6C6B /* StatusCell.swift in Sources */,
				4CE4A97C1F7BC08600BFF85D /* Add_New_Project.swift in Sources */,
				4C6FD0ED1F7E1882009A6C6B /* ScheduleEdit.swift in Sources */,
				4CE4A9791F7BBA2A00BFF85D /* AddNewProjectTableViewCell.swift in Sources */,
				4C08D93C1F7257FC00A49B31 /* ProjectTableViewCell.swift in Sources */,
				4CDB71801F7CB55C0084BBE8 /* Status_Section_Header.swift in Sources */,
				4C08D9401F72807F00A49B31 /* HomeTableViewCell.swift in Sources */,
				4CE4A9821F7BCA8A00BFF85D /* People_Section_Header.swift in Sources */,
				4CDB717E1F7CB4EA0084BBE8 /* Cost_Section_Header.swift in Sources */,
				4C71BF5B1F70FCB800C073EA /* PeopleScreen.swift in Sources */,
				4C677FB31F85F228003789B2 /* global_vars.swift in Sources */,
				4C71BF461F70FBEF00C073EA /* AppDelegate.swift in Sources */,
				4C08D93E1F725BE700A49B31 /* ProjectScreenTableViewController.swift in Sources */,
				4CE4A9841F7BCC9900BFF85D /* General_Section_Header.swift in Sources */,
				4C7F40831F750737004847DF /* People_In_Project.swift in Sources */,
			);
			runOnlyForDeploymentPostprocessing = 0;
		};
/* End PBXSourcesBuildPhase section */

/* Begin PBXVariantGroup section */
		4C71BF491F70FBF000C073EA /* Main.storyboard */ = {
			isa = PBXVariantGroup;
			children = (
				4C71BF4A1F70FBF000C073EA /* Base */,
			);
			name = Main.storyboard;
			sourceTree = "<group>";
		};
		4C71BF511F70FBF000C073EA /* LaunchScreen.storyboard */ = {
			isa = PBXVariantGroup;
			children = (
				4C71BF521F70FBF000C073EA /* Base */,
			);
			name = LaunchScreen.storyboard;
			sourceTree = "<group>";
		};
/* End PBXVariantGroup section */

/* Begin XCBuildConfiguration section */
		4C71BF551F70FBF000C073EA /* Debug */ = {
			isa = XCBuildConfiguration;
			buildSettings = {
				ALWAYS_SEARCH_USER_PATHS = NO;
				CLANG_ANALYZER_NONNULL = YES;
				CLANG_CXX_LANGUAGE_STANDARD = "gnu++0x";
				CLANG_CXX_LIBRARY = "libc++";
				CLANG_ENABLE_MODULES = YES;
				CLANG_ENABLE_OBJC_ARC = YES;
				CLANG_WARN_BOOL_CONVERSION = YES;
				CLANG_WARN_CONSTANT_CONVERSION = YES;
				CLANG_WARN_DIRECT_OBJC_ISA_USAGE = YES_ERROR;
				CLANG_WARN_DOCUMENTATION_COMMENTS = YES;
				CLANG_WARN_EMPTY_BODY = YES;
				CLANG_WARN_ENUM_CONVERSION = YES;
				CLANG_WARN_INFINITE_RECURSION = YES;
				CLANG_WARN_INT_CONVERSION = YES;
				CLANG_WARN_OBJC_ROOT_CLASS = YES_ERROR;
				CLANG_WARN_SUSPICIOUS_MOVE = YES;
				CLANG_WARN_SUSPICIOUS_MOVES = YES;
				CLANG_WARN_UNREACHABLE_CODE = YES;
				CLANG_WARN__DUPLICATE_METHOD_MATCH = YES;
				"CODE_SIGN_IDENTITY[sdk=iphoneos*]" = "iPhone Developer";
				COPY_PHASE_STRIP = NO;
				DEBUG_INFORMATION_FORMAT = dwarf;
				ENABLE_STRICT_OBJC_MSGSEND = YES;
				ENABLE_TESTABILITY = YES;
				GCC_C_LANGUAGE_STANDARD = gnu99;
				GCC_DYNAMIC_NO_PIC = NO;
				GCC_NO_COMMON_BLOCKS = YES;
				GCC_OPTIMIZATION_LEVEL = 0;
				GCC_PREPROCESSOR_DEFINITIONS = (
					"DEBUG=1",
					"$(inherited)",
				);
				GCC_WARN_64_TO_32_BIT_CONVERSION = YES;
				GCC_WARN_ABOUT_RETURN_TYPE = YES_ERROR;
				GCC_WARN_UNDECLARED_SELECTOR = YES;
				GCC_WARN_UNINITIALIZED_AUTOS = YES_AGGRESSIVE;
				GCC_WARN_UNUSED_FUNCTION = YES;
				GCC_WARN_UNUSED_VARIABLE = YES;
				IPHONEOS_DEPLOYMENT_TARGET = 10.0;
				MTL_ENABLE_DEBUG_INFO = YES;
				ONLY_ACTIVE_ARCH = YES;
				SDKROOT = iphoneos;
				SWIFT_ACTIVE_COMPILATION_CONDITIONS = DEBUG;
				SWIFT_OPTIMIZATION_LEVEL = "-Onone";
			};
			name = Debug;
		};
		4C71BF561F70FBF000C073EA /* Release */ = {
			isa = XCBuildConfiguration;
			buildSettings = {
				ALWAYS_SEARCH_USER_PATHS = NO;
				CLANG_ANALYZER_NONNULL = YES;
				CLANG_CXX_LANGUAGE_STANDARD = "gnu++0x";
				CLANG_CXX_LIBRARY = "libc++";
				CLANG_ENABLE_MODULES = YES;
				CLANG_ENABLE_OBJC_ARC = YES;
				CLANG_WARN_BOOL_CONVERSION = YES;
				CLANG_WARN_CONSTANT_CONVERSION = YES;
				CLANG_WARN_DIRECT_OBJC_ISA_USAGE = YES_ERROR;
				CLANG_WARN_DOCUMENTATION_COMMENTS = YES;
				CLANG_WARN_EMPTY_BODY = YES;
				CLANG_WARN_ENUM_CONVERSION = YES;
				CLANG_WARN_INFINITE_RECURSION = YES;
				CLANG_WARN_INT_CONVERSION = YES;
				CLANG_WARN_OBJC_ROOT_CLASS = YES_ERROR;
				CLANG_WARN_SUSPICIOUS_MOVE = YES;
				CLANG_WARN_SUSPICIOUS_MOVES = YES;
				CLANG_WARN_UNREACHABLE_CODE = YES;
				CLANG_WARN__DUPLICATE_METHOD_MATCH = YES;
				"CODE_SIGN_IDENTITY[sdk=iphoneos*]" = "iPhone Developer";
				COPY_PHASE_STRIP = NO;
				DEBUG_INFORMATION_FORMAT = "dwarf-with-dsym";
				ENABLE_NS_ASSERTIONS = NO;
				ENABLE_STRICT_OBJC_MSGSEND = YES;
				GCC_C_LANGUAGE_STANDARD = gnu99;
				GCC_NO_COMMON_BLOCKS = YES;
				GCC_WARN_64_TO_32_BIT_CONVERSION = YES;
				GCC_WARN_ABOUT_RETURN_TYPE = YES_ERROR;
				GCC_WARN_UNDECLARED_SELECTOR = YES;
				GCC_WARN_UNINITIALIZED_AUTOS = YES_AGGRESSIVE;
				GCC_WARN_UNUSED_FUNCTION = YES;
				GCC_WARN_UNUSED_VARIABLE = YES;
				IPHONEOS_DEPLOYMENT_TARGET = 10.0;
				MTL_ENABLE_DEBUG_INFO = NO;
				SDKROOT = iphoneos;
				SWIFT_OPTIMIZATION_LEVEL = "-Owholemodule";
				VALIDATE_PRODUCT = YES;
			};
			name = Release;
		};
		4C71BF581F70FBF000C073EA /* Debug */ = {
			isa = XCBuildConfiguration;
			buildSettings = {
				ASSETCATALOG_COMPILER_APPICON_NAME = "AppIcon-1";
				DEVELOPMENT_TEAM = DQTX7SGDK4;
				INFOPLIST_FILE = Reubro_Project_Tracker/Info.plist;
				IPHONEOS_DEPLOYMENT_TARGET = 10.0;
				LD_RUNPATH_SEARCH_PATHS = "$(inherited) @executable_path/Frameworks";
				PRODUCT_BUNDLE_IDENTIFIER = "com.reubro.Reubro-Project-Tracker";
				PRODUCT_NAME = "$(TARGET_NAME)";
				SWIFT_VERSION = 3.0;
			};
			name = Debug;
		};
		4C71BF591F70FBF000C073EA /* Release */ = {
			isa = XCBuildConfiguration;
			buildSettings = {
				ASSETCATALOG_COMPILER_APPICON_NAME = "AppIcon-1";
				DEVELOPMENT_TEAM = DQTX7SGDK4;
				INFOPLIST_FILE = Reubro_Project_Tracker/Info.plist;
				IPHONEOS_DEPLOYMENT_TARGET = 10.0;
				LD_RUNPATH_SEARCH_PATHS = "$(inherited) @executable_path/Frameworks";
				PRODUCT_BUNDLE_IDENTIFIER = "com.reubro.Reubro-Project-Tracker";
				PRODUCT_NAME = "$(TARGET_NAME)";
				SWIFT_VERSION = 3.0;
			};
			name = Release;
		};
/* End XCBuildConfiguration section */

/* Begin XCConfigurationList section */
		4C71BF3D1F70FBEF00C073EA /* Build configuration list for PBXProject "Reubro_Project_Tracker" */ = {
			isa = XCConfigurationList;
			buildConfigurations = (
				4C71BF551F70FBF000C073EA /* Debug */,
				4C71BF561F70FBF000C073EA /* Release */,
			);
			defaultConfigurationIsVisible = 0;
			defaultConfigurationName = Release;
		};
		4C71BF571F70FBF000C073EA /* Build configuration list for PBXNativeTarget "Reubro_Project_Tracker" */ = {
			isa = XCConfigurationList;
			buildConfigurations = (
				4C71BF581F70FBF000C073EA /* Debug */,
				4C71BF591F70FBF000C073EA /* Release */,
			);
			defaultConfigurationIsVisible = 0;
			defaultConfigurationName = Release;
		};
/* End XCConfigurationList section */

/* Begin XCVersionGroup section */
		4C71BF4C1F70FBF000C073EA /* Reubro_Project_Tracker.xcdatamodeld */ = {
			isa = XCVersionGroup;
			children = (
				4C71BF4D1F70FBF000C073EA /* Reubro_Project_Tracker.xcdatamodel */,
			);
			currentVersion = 4C71BF4D1F70FBF000C073EA /* Reubro_Project_Tracker.xcdatamodel */;
			path = Reubro_Project_Tracker.xcdatamodeld;
			sourceTree = "<group>";
			versionGroupType = wrapper.xcdatamodel;
		};
/* End XCVersionGroup section */
	};
	rootObject = 4C71BF3A1F70FBEF00C073EA /* Project object */;
}
